
Microsoft Visual Studio Solution File, Format Version 12.00
# Visual Studio Version 16
VisualStudioVersion = 16.0.30717.126
MinimumVisualStudioVersion = 10.0.40219.1
Project("{9A19103F-16F7-4668-BE54-9A1E7A4F7556}") = "Canducci.GeneratePassword", "Canducci.GeneratePassword\Canducci.GeneratePassword.csproj", "{3CB1BBF7-A3F5-4B41-A3C1-1D309DE613DB}"
EndProject
Project("{9A19103F-16F7-4668-BE54-9A1E7A4F7556}") = "Test.Canducci.GeneratePassword", "Test.Canducci.GeneratePassword\Test.Canducci.GeneratePassword.csproj", "{8DF95CC7-ACF7-41F5-909C-BA50894BB3C7}"
EndProject
Project("{2150E333-8FDC-42A3-9474-1A3956D46DE8}") = "Solution Items", "Solution Items", "{179BEF9F-5A39-4069-B529-2779B2B86E53}"
	ProjectSection(SolutionItems) = preProject
		.github\workflows\dotnet-core.yml = .github\workflows\dotnet-core.yml
		.github\workflows\dotnet.yml = .github\workflows\dotnet.yml
		..\..\..\Downloads\logo.png = ..\..\..\Downloads\logo.png
		README.md = README.md
	EndProjectSection
EndProject
Project("{2150E333-8FDC-42A3-9474-1A3956D46DE8}") = "Web", "Web", "{EB1B5BE9-9699-4CD6-B7F6-E1A01B7CDF0C}"
EndProject
Project("{9A19103F-16F7-4668-BE54-9A1E7A4F7556}") = "Test.WebApplication", "Test.WebApplication\Test.WebApplication.csproj", "{BADC399A-BE76-440D-B791-5BDC0BD622D4}"
EndProject
Project("{9A19103F-16F7-4668-BE54-9A1E7A4F7556}") = "Canducci.GeneratePassword.Extensions.DependencyInjection", "Canducci.GeneratePassword.Extensions.DependencyInjection\Canducci.GeneratePassword.Extensions.DependencyInjection.csproj", "{3BAF46F3-49A9-4111-91DC-2958D48C6E63}"
EndProject
Project("{FAE04EC0-301F-11D3-BF4B-00C04F79EFBC}") = "Canducci.GeneratePassword.Argon2id", "Canducci.GeneratePassword.Argon2id\Canducci.GeneratePassword.Argon2id.csproj", "{821CE8B0-24B0-40F3-9530-93CC64C23040}"
EndProject
Project("{FAE04EC0-301F-11D3-BF4B-00C04F79EFBC}") = "Canducci.GeneratePassword.Argon2id.Extensions.DependencyInjection", "Canducci.GeneratePassword.Argon2id.Extensions.DependencyInjection\Canducci.GeneratePassword.Argon2id.Extensions.DependencyInjection.csproj", "{C29FCBA3-95CD-48B5-A2F8-6D59F5F0A4C1}"
EndProject
Project("{FAE04EC0-301F-11D3-BF4B-00C04F79EFBC}") = "Test.Canducci.GeneratePassword.Argon2id", "Test.Canducci.GeneratePassword.Argon2id\Test.Canducci.GeneratePassword.Argon2id.csproj", "{0E918AEB-071B-4022-A2A4-741F8D47AFBB}"
EndProject
Global
	GlobalSection(SolutionConfigurationPlatforms) = preSolution
		Debug|Any CPU = Debug|Any CPU
		Debug|x64 = Debug|x64
		Debug|x86 = Debug|x86
		Release|Any CPU = Release|Any CPU
		Release|x64 = Release|x64
		Release|x86 = Release|x86
	EndGlobalSection
	GlobalSection(ProjectConfigurationPlatforms) = postSolution
		{3CB1BBF7-A3F5-4B41-A3C1-1D309DE613DB}.Debug|Any CPU.ActiveCfg = Debug|Any CPU
		{3CB1BBF7-A3F5-4B41-A3C1-1D309DE613DB}.Debug|Any CPU.Build.0 = Debug|Any CPU
		{3CB1BBF7-A3F5-4B41-A3C1-1D309DE613DB}.Debug|x64.ActiveCfg = Debug|Any CPU
		{3CB1BBF7-A3F5-4B41-A3C1-1D309DE613DB}.Debug|x64.Build.0 = Debug|Any CPU
		{3CB1BBF7-A3F5-4B41-A3C1-1D309DE613DB}.Debug|x86.ActiveCfg = Debug|Any CPU
		{3CB1BBF7-A3F5-4B41-A3C1-1D309DE613DB}.Debug|x86.Build.0 = Debug|Any CPU
		{3CB1BBF7-A3F5-4B41-A3C1-1D309DE613DB}.Release|Any CPU.ActiveCfg = Release|Any CPU
		{3CB1BBF7-A3F5-4B41-A3C1-1D309DE613DB}.Release|Any CPU.Build.0 = Release|Any CPU
		{3CB1BBF7-A3F5-4B41-A3C1-1D309DE613DB}.Release|x64.ActiveCfg = Release|Any CPU
		{3CB1BBF7-A3F5-4B41-A3C1-1D309DE613DB}.Release|x64.Build.0 = Release|Any CPU
		{3CB1BBF7-A3F5-4B41-A3C1-1D309DE613DB}.Release|x86.ActiveCfg = Release|Any CPU
		{3CB1BBF7-A3F5-4B41-A3C1-1D309DE613DB}.Release|x86.Build.0 = Release|Any CPU
		{8DF95CC7-ACF7-41F5-909C-BA50894BB3C7}.Debug|Any CPU.ActiveCfg = Debug|Any CPU
		{8DF95CC7-ACF7-41F5-909C-BA50894BB3C7}.Debug|Any CPU.Build.0 = Debug|Any CPU
		{8DF95CC7-ACF7-41F5-909C-BA50894BB3C7}.Debug|x64.ActiveCfg = Debug|Any CPU
		{8DF95CC7-ACF7-41F5-909C-BA50894BB3C7}.Debug|x64.Build.0 = Debug|Any CPU
		{8DF95CC7-ACF7-41F5-909C-BA50894BB3C7}.Debug|x86.ActiveCfg = Debug|Any CPU
		{8DF95CC7-ACF7-41F5-909C-BA50894BB3C7}.Debug|x86.Build.0 = Debug|Any CPU
		{8DF95CC7-ACF7-41F5-909C-BA50894BB3C7}.Release|Any CPU.ActiveCfg = Release|Any CPU
		{8DF95CC7-ACF7-41F5-909C-BA50894BB3C7}.Release|Any CPU.Build.0 = Release|Any CPU
		{8DF95CC7-ACF7-41F5-909C-BA50894BB3C7}.Release|x64.ActiveCfg = Release|Any CPU
		{8DF95CC7-ACF7-41F5-909C-BA50894BB3C7}.Release|x64.Build.0 = Release|Any CPU
		{8DF95CC7-ACF7-41F5-909C-BA50894BB3C7}.Release|x86.ActiveCfg = Release|Any CPU
		{8DF95CC7-ACF7-41F5-909C-BA50894BB3C7}.Release|x86.Build.0 = Release|Any CPU
		{BADC399A-BE76-440D-B791-5BDC0BD622D4}.Debug|Any CPU.ActiveCfg = Debug|Any CPU
		{BADC399A-BE76-440D-B791-5BDC0BD622D4}.Debug|Any CPU.Build.0 = Debug|Any CPU
		{BADC399A-BE76-440D-B791-5BDC0BD622D4}.Debug|x64.ActiveCfg = Debug|Any CPU
		{BADC399A-BE76-440D-B791-5BDC0BD622D4}.Debug|x64.Build.0 = Debug|Any CPU
		{BADC399A-BE76-440D-B791-5BDC0BD622D4}.Debug|x86.ActiveCfg = Debug|Any CPU
		{BADC399A-BE76-440D-B791-5BDC0BD622D4}.Debug|x86.Build.0 = Debug|Any CPU
		{BADC399A-BE76-440D-B791-5BDC0BD622D4}.Release|Any CPU.ActiveCfg = Release|Any CPU
		{BADC399A-BE76-440D-B791-5BDC0BD622D4}.Release|Any CPU.Build.0 = Release|Any CPU
		{BADC399A-BE76-440D-B791-5BDC0BD622D4}.Release|x64.ActiveCfg = Release|Any CPU
		{BADC399A-BE76-440D-B791-5BDC0BD622D4}.Release|x64.Build.0 = Release|Any CPU
		{BADC399A-BE76-440D-B791-5BDC0BD622D4}.Release|x86.ActiveCfg = Release|Any CPU
		{BADC399A-BE76-440D-B791-5BDC0BD622D4}.Release|x86.Build.0 = Release|Any CPU
		{3BAF46F3-49A9-4111-91DC-2958D48C6E63}.Debug|Any CPU.ActiveCfg = Debug|Any CPU
		{3BAF46F3-49A9-4111-91DC-2958D48C6E63}.Debug|Any CPU.Build.0 = Debug|Any CPU
		{3BAF46F3-49A9-4111-91DC-2958D48C6E63}.Debug|x64.ActiveCfg = Debug|Any CPU
		{3BAF46F3-49A9-4111-91DC-2958D48C6E63}.Debug|x64.Build.0 = Debug|Any CPU
		{3BAF46F3-49A9-4111-91DC-2958D48C6E63}.Debug|x86.ActiveCfg = Debug|Any CPU
		{3BAF46F3-49A9-4111-91DC-2958D48C6E63}.Debug|x86.Build.0 = Debug|Any CPU
		{3BAF46F3-49A9-4111-91DC-2958D48C6E63}.Release|Any CPU.ActiveCfg = Release|Any CPU
		{3BAF46F3-49A9-4111-91DC-2958D48C6E63}.Release|Any CPU.Build.0 = Release|Any CPU
		{3BAF46F3-49A9-4111-91DC-2958D48C6E63}.Release|x64.ActiveCfg = Release|Any CPU
		{3BAF46F3-49A9-4111-91DC-2958D48C6E63}.Release|x64.Build.0 = Release|Any CPU
		{3BAF46F3-49A9-4111-91DC-2958D48C6E63}.Release|x86.ActiveCfg = Release|Any CPU
		{3BAF46F3-49A9-4111-91DC-2958D48C6E63}.Release|x86.Build.0 = Release|Any CPU
		{821CE8B0-24B0-40F3-9530-93CC64C23040}.Debug|Any CPU.ActiveCfg = Debug|Any CPU
		{821CE8B0-24B0-40F3-9530-93CC64C23040}.Debug|Any CPU.Build.0 = Debug|Any CPU
		{821CE8B0-24B0-40F3-9530-93CC64C23040}.Debug|x64.ActiveCfg = Debug|Any CPU
		{821CE8B0-24B0-40F3-9530-93CC64C23040}.Debug|x64.Build.0 = Debug|Any CPU
		{821CE8B0-24B0-40F3-9530-93CC64C23040}.Debug|x86.ActiveCfg = Debug|Any CPU
		{821CE8B0-24B0-40F3-9530-93CC64C23040}.Debug|x86.Build.0 = Debug|Any CPU
		{821CE8B0-24B0-40F3-9530-93CC64C23040}.Release|Any CPU.ActiveCfg = Release|Any CPU
		{821CE8B0-24B0-40F3-9530-93CC64C23040}.Release|Any CPU.Build.0 = Release|Any CPU
		{821CE8B0-24B0-40F3-9530-93CC64C23040}.Release|x64.ActiveCfg = Release|Any CPU
		{821CE8B0-24B0-40F3-9530-93CC64C23040}.Release|x64.Build.0 = Release|Any CPU
		{821CE8B0-24B0-40F3-9530-93CC64C23040}.Release|x86.ActiveCfg = Release|Any CPU
		{821CE8B0-24B0-40F3-9530-93CC64C23040}.Release|x86.Build.0 = Release|Any CPU
		{C29FCBA3-95CD-48B5-A2F8-6D59F5F0A4C1}.Debug|Any CPU.ActiveCfg = Debug|Any CPU
		{C29FCBA3-95CD-48B5-A2F8-6D59F5F0A4C1}.Debug|Any CPU.Build.0 = Debug|Any CPU
		{C29FCBA3-95CD-48B5-A2F8-6D59F5F0A4C1}.Debug|x64.ActiveCfg = Debug|Any CPU
		{C29FCBA3-95CD-48B5-A2F8-6D59F5F0A4C1}.Debug|x64.Build.0 = Debug|Any CPU
		{C29FCBA3-95CD-48B5-A2F8-6D59F5F0A4C1}.Debug|x86.ActiveCfg = Debug|Any CPU
		{C29FCBA3-95CD-48B5-A2F8-6D59F5F0A4C1}.Debug|x86.Build.0 = Debug|Any CPU
		{C29FCBA3-95CD-48B5-A2F8-6D59F5F0A4C1}.Release|Any CPU.ActiveCfg = Release|Any CPU
		{C29FCBA3-95CD-48B5-A2F8-6D59F5F0A4C1}.Release|Any CPU.Build.0 = Release|Any CPU
		{C29FCBA3-95CD-48B5-A2F8-6D59F5F0A4C1}.Release|x64.ActiveCfg = Release|Any CPU
		{C29FCBA3-95CD-48B5-A2F8-6D59F5F0A4C1}.Release|x64.Build.0 = Release|Any CPU
		{C29FCBA3-95CD-48B5-A2F8-6D59F5F0A4C1}.Release|x86.ActiveCfg = Release|Any CPU
		{C29FCBA3-95CD-48B5-A2F8-6D59F5F0A4C1}.Release|x86.Build.0 = Release|Any CPU
		{0E918AEB-071B-4022-A2A4-741F8D47AFBB}.Debug|Any CPU.ActiveCfg = Debug|Any CPU
		{0E918AEB-071B-4022-A2A4-741F8D47AFBB}.Debug|Any CPU.Build.0 = Debug|Any CPU
		{0E918AEB-071B-4022-A2A4-741F8D47AFBB}.Debug|x64.ActiveCfg = Debug|Any CPU
		{0E918AEB-071B-4022-A2A4-741F8D47AFBB}.Debug|x64.Build.0 = Debug|Any CPU
		{0E918AEB-071B-4022-A2A4-741F8D47AFBB}.Debug|x86.ActiveCfg = Debug|Any CPU
		{0E918AEB-071B-4022-A2A4-741F8D47AFBB}.Debug|x86.Build.0 = Debug|Any CPU
		{0E918AEB-071B-4022-A2A4-741F8D47AFBB}.Release|Any CPU.ActiveCfg = Release|Any CPU
		{0E918AEB-071B-4022-A2A4-741F8D47AFBB}.Release|Any CPU.Build.0 = Release|Any CPU
		{0E918AEB-071B-4022-A2A4-741F8D47AFBB}.Release|x64.ActiveCfg = Release|Any CPU
		{0E918AEB-071B-4022-A2A4-741F8D47AFBB}.Release|x64.Build.0 = Release|Any CPU
		{0E918AEB-071B-4022-A2A4-741F8D47AFBB}.Release|x86.ActiveCfg = Release|Any CPU
		{0E918AEB-071B-4022-A2A4-741F8D47AFBB}.Release|x86.Build.0 = Release|Any CPU
	EndGlobalSection
	GlobalSection(SolutionProperties) = preSolution
		HideSolutionNode = FALSE
	EndGlobalSection
	GlobalSection(NestedProjects) = preSolution
		{BADC399A-BE76-440D-B791-5BDC0BD622D4} = {EB1B5BE9-9699-4CD6-B7F6-E1A01B7CDF0C}
	EndGlobalSection
	GlobalSection(ExtensibilityGlobals) = postSolution
		SolutionGuid = {84F114C0-DDB6-4977-980F-1F3240C963CC}
	EndGlobalSection
EndGlobal
